
Microsoft Visual Studio Solution File, Format Version 12.00
# Visual Studio 15
Project("{FAE04EC0-301F-11D3-BF4B-00C04F79EFBC}") = "KurageTPS", "KurageTPS.csproj", "{C1A2C051-7514-31B4-4493-0634A9E10DBF}"
EndProject
Global
	GlobalSection(SolutionConfigurationPlatforms) = preSolution
		Debug|Any CPU = Debug|Any CPU
		Release|Any CPU = Release|Any CPU
	EndGlobalSection
	GlobalSection(ProjectConfigurationPlatforms) = postSolution
		{C1A2C051-7514-31B4-4493-0634A9E10DBF}.Debug|Any CPU.ActiveCfg = Debug|Any CPU
		{C1A2C051-7514-31B4-4493-0634A9E10DBF}.Debug|Any CPU.Build.0 = Debug|Any CPU
		{C1A2C051-7514-31B4-4493-0634A9E10DBF}.Release|Any CPU.ActiveCfg = Release|Any CPU
		{C1A2C051-7514-31B4-4493-0634A9E10DBF}.Release|Any CPU.Build.0 = Release|Any CPU
	EndGlobalSection
	GlobalSection(SolutionProperties) = preSolution
		HideSolutionNode = FALSE
	EndGlobalSection
EndGlobal
